{
  "name": "dalla-bona-javascript-simuladorinteractivo",
  "version": "1.0.0",
  "lockfileVersion": 1,
  "requires": true,
  "dependencies": {
    "sweetalert2": {
      "version": "11.4.16",
      "resolved": "https://registry.npmjs.org/sweetalert2/-/sweetalert2-11.4.16.tgz",
      "integrity": "sha512-6xXd7kQps2M0okOJp5D9kR/TVL+DPWiQGQFoUIwkRPN/FAF/RrWkV/VUT0/a+VXjjkxDQDedEs/PK0/ptEo/7A=="
    },
    "toastify-js": {
      "version": "1.11.2",
      "resolved": "https://registry.npmjs.org/toastify-js/-/toastify-js-1.11.2.tgz",
      "integrity": "sha512-bMBNKhZLPX/sDhpwM7KHIRUTtqCylQeoZDiEWy5zE7iDUJ92XmP8AKgDAp9rXx6pR5GXGFtQHHoH62toahbHgQ=="
    }
  }
}
